
Microsoft Visual Studio Solution File, Format Version 12.00
# Visual Studio Version 16
VisualStudioVersion = 16.0.30413.136
MinimumVisualStudioVersion = 10.0.40219.1
Project("{FAE04EC0-301F-11D3-BF4B-00C04F79EFBC}") = "curso", "curso.csproj", "{BF4143D0-8EF8-4DB8-8E97-6BC683292F71}"
EndProject
Global
	GlobalSection(SolutionConfigurationPlatforms) = preSolution
		Debug|Any CPU = Debug|Any CPU
		Release|Any CPU = Release|Any CPU
	EndGlobalSection
	GlobalSection(ProjectConfigurationPlatforms) = postSolution
		{BF4143D0-8EF8-4DB8-8E97-6BC683292F71}.Debug|Any CPU.ActiveCfg = Debug|Any CPU
		{BF4143D0-8EF8-4DB8-8E97-6BC683292F71}.Debug|Any CPU.Build.0 = Debug|Any CPU
		{BF4143D0-8EF8-4DB8-8E97-6BC683292F71}.Release|Any CPU.ActiveCfg = Release|Any CPU
		{BF4143D0-8EF8-4DB8-8E97-6BC683292F71}.Release|Any CPU.Build.0 = Release|Any CPU
	EndGlobalSection
	GlobalSection(SolutionProperties) = preSolution
		HideSolutionNode = FALSE
	EndGlobalSection
	GlobalSection(ExtensibilityGlobals) = postSolution
		SolutionGuid = {F0F068F7-64DE-4273-A2EB-6585421BDD06}
	EndGlobalSection
EndGlobal
